// !$*UTF8*$!
{
	archiveVersion = 1;
	classes = {
	};
	objectVersion = 46;
	objects = {

/* Begin PBXBuildFile section */
		D04BB0101921DA23004937C7 /* Foundation.framework in Frameworks */ = {isa = PBXBuildFile; fileRef = D04BB00F1921DA23004937C7 /* Foundation.framework */; };
		D04BB0121921DA23004937C7 /* CoreGraphics.framework in Frameworks */ = {isa = PBXBuildFile; fileRef = D04BB0111921DA23004937C7 /* CoreGraphics.framework */; };
		D04BB0141921DA23004937C7 /* UIKit.framework in Frameworks */ = {isa = PBXBuildFile; fileRef = D04BB0131921DA23004937C7 /* UIKit.framework */; };
		D04BB01A1921DA23004937C7 /* InfoPlist.strings in Resources */ = {isa = PBXBuildFile; fileRef = D04BB0181921DA23004937C7 /* InfoPlist.strings */; };
		D04BB01C1921DA23004937C7 /* main.m in Sources */ = {isa = PBXBuildFile; fileRef = D04BB01B1921DA23004937C7 /* main.m */; };
		D04BB0201921DA23004937C7 /* AppDelegate.m in Sources */ = {isa = PBXBuildFile; fileRef = D04BB01F1921DA23004937C7 /* AppDelegate.m */; };
		D04BB0221921DA23004937C7 /* Images.xcassets in Resources */ = {isa = PBXBuildFile; fileRef = D04BB0211921DA23004937C7 /* Images.xcassets */; };
		D04BB0291921DA23004937C7 /* XCTest.framework in Frameworks */ = {isa = PBXBuildFile; fileRef = D04BB0281921DA23004937C7 /* XCTest.framework */; };
		D04BB02A1921DA23004937C7 /* Foundation.framework in Frameworks */ = {isa = PBXBuildFile; fileRef = D04BB00F1921DA23004937C7 /* Foundation.framework */; };
		D04BB02B1921DA23004937C7 /* UIKit.framework in Frameworks */ = {isa = PBXBuildFile; fileRef = D04BB0131921DA23004937C7 /* UIKit.framework */; };
		D04BB0331921DA23004937C7 /* InfoPlist.strings in Resources */ = {isa = PBXBuildFile; fileRef = D04BB0311921DA23004937C7 /* InfoPlist.strings */; };
		D04BB0351921DA23004937C7 /* GameControllerTests.m in Sources */ = {isa = PBXBuildFile; fileRef = D04BB0341921DA23004937C7 /* GameControllerTests.m */; };
		D04BB0411921DA3C004937C7 /* GameControllerViewController.m in Sources */ = {isa = PBXBuildFile; fileRef = D04BB03F1921DA3C004937C7 /* GameControllerViewController.m */; };
		D04BB0421921DA3C004937C7 /* GameControllerViewController.m in Sources */ = {isa = PBXBuildFile; fileRef = D04BB03F1921DA3C004937C7 /* GameControllerViewController.m */; };
		D04BB0431921DA3C004937C7 /* GameControllerViewController.xib in Resources */ = {isa = PBXBuildFile; fileRef = D04BB0401921DA3C004937C7 /* GameControllerViewController.xib */; };
		D04BB0441921DA3C004937C7 /* GameControllerViewController.xib in Resources */ = {isa = PBXBuildFile; fileRef = D04BB0401921DA3C004937C7 /* GameControllerViewController.xib */; };
		D06047DC1935DD45006DFA1A /* InfoViewController.m in Sources */ = {isa = PBXBuildFile; fileRef = D06047DA1935DD45006DFA1A /* InfoViewController.m */; };
		D06047DD1935DD45006DFA1A /* InfoViewController.xib in Resources */ = {isa = PBXBuildFile; fileRef = D06047DB1935DD45006DFA1A /* InfoViewController.xib */; };
/* End PBXBuildFile section */

/* Begin PBXContainerItemProxy section */
		D04BB02C1921DA23004937C7 /* PBXContainerItemProxy */ = {
			isa = PBXContainerItemProxy;
			containerPortal = D04BB0041921DA23004937C7 /* Project object */;
			proxyType = 1;
			remoteGlobalIDString = D04BB00B1921DA23004937C7;
			remoteInfo = GameController;
		};
/* End PBXContainerItemProxy section */

/* Begin PBXFileReference section */
		D04BB00C1921DA23004937C7 /* GameController.app */ = {isa = PBXFileReference; explicitFileType = wrapper.application; includeInIndex = 0; path = GameController.app; sourceTree = BUILT_PRODUCTS_DIR; };
		D04BB00F1921DA23004937C7 /* Foundation.framework */ = {isa = PBXFileReference; lastKnownFileType = wrapper.framework; name = Foundation.framework; path = System/Library/Frameworks/Foundation.framework; sourceTree = SDKROOT; };
		D04BB0111921DA23004937C7 /* CoreGraphics.framework */ = {isa = PBXFileReference; lastKnownFileType = wrapper.framework; name = CoreGraphics.framework; path = System/Library/Frameworks/CoreGraphics.framework; sourceTree = SDKROOT; };
		D04BB0131921DA23004937C7 /* UIKit.framework */ = {isa = PBXFileReference; lastKnownFileType = wrapper.framework; name = UIKit.framework; path = System/Library/Frameworks/UIKit.framework; sourceTree = SDKROOT; };
		D04BB0171921DA23004937C7 /* GameController-Info.plist */ = {isa = PBXFileReference; lastKnownFileType = text.plist.xml; path = "GameController-Info.plist"; sourceTree = "<group>"; };
		D04BB0191921DA23004937C7 /* en */ = {isa = PBXFileReference; lastKnownFileType = text.plist.strings; name = en; path = en.lproj/InfoPlist.strings; sourceTree = "<group>"; };
		D04BB01B1921DA23004937C7 /* main.m */ = {isa = PBXFileReference; lastKnownFileType = sourcecode.c.objc; path = main.m; sourceTree = "<group>"; };
		D04BB01D1921DA23004937C7 /* GameController-Prefix.pch */ = {isa = PBXFileReference; lastKnownFileType = sourcecode.c.h; path = "GameController-Prefix.pch"; sourceTree = "<group>"; };
		D04BB01E1921DA23004937C7 /* AppDelegate.h */ = {isa = PBXFileReference; lastKnownFileType = sourcecode.c.h; path = AppDelegate.h; sourceTree = "<group>"; };
		D04BB01F1921DA23004937C7 /* AppDelegate.m */ = {isa = PBXFileReference; lastKnownFileType = sourcecode.c.objc; path = AppDelegate.m; sourceTree = "<group>"; };
		D04BB0211921DA23004937C7 /* Images.xcassets */ = {isa = PBXFileReference; lastKnownFileType = folder.assetcatalog; path = Images.xcassets; sourceTree = "<group>"; };
		D04BB0271921DA23004937C7 /* GameControllerTests.xctest */ = {isa = PBXFileReference; explicitFileType = wrapper.cfbundle; includeInIndex = 0; path = GameControllerTests.xctest; sourceTree = BUILT_PRODUCTS_DIR; };
		D04BB0281921DA23004937C7 /* XCTest.framework */ = {isa = PBXFileReference; lastKnownFileType = wrapper.framework; name = XCTest.framework; path = Library/Frameworks/XCTest.framework; sourceTree = DEVELOPER_DIR; };
		D04BB0301921DA23004937C7 /* GameControllerTests-Info.plist */ = {isa = PBXFileReference; lastKnownFileType = text.plist.xml; path = "GameControllerTests-Info.plist"; sourceTree = "<group>"; };
		D04BB0321921DA23004937C7 /* en */ = {isa = PBXFileReference; lastKnownFileType = text.plist.strings; name = en; path = en.lproj/InfoPlist.strings; sourceTree = "<group>"; };
		D04BB0341921DA23004937C7 /* GameControllerTests.m */ = {isa = PBXFileReference; lastKnownFileType = sourcecode.c.objc; path = GameControllerTests.m; sourceTree = "<group>"; };
		D04BB03E1921DA3C004937C7 /* GameControllerViewController.h */ = {isa = PBXFileReference; fileEncoding = 4; lastKnownFileType = sourcecode.c.h; path = GameControllerViewController.h; sourceTree = "<group>"; };
		D04BB03F1921DA3C004937C7 /* GameControllerViewController.m */ = {isa = PBXFileReference; fileEncoding = 4; lastKnownFileType = sourcecode.c.objc; path = GameControllerViewController.m; sourceTree = "<group>"; };
		D04BB0401921DA3C004937C7 /* GameControllerViewController.xib */ = {isa = PBXFileReference; fileEncoding = 4; lastKnownFileType = file.xib; path = GameControllerViewController.xib; sourceTree = "<group>"; };
		D06047D91935DD45006DFA1A /* InfoViewController.h */ = {isa = PBXFileReference; fileEncoding = 4; lastKnownFileType = sourcecode.c.h; path = InfoViewController.h; sourceTree = "<group>"; };
		D06047DA1935DD45006DFA1A /* InfoViewController.m */ = {isa = PBXFileReference; fileEncoding = 4; lastKnownFileType = sourcecode.c.objc; path = InfoViewController.m; sourceTree = "<group>"; };
		D06047DB1935DD45006DFA1A /* InfoViewController.xib */ = {isa = PBXFileReference; fileEncoding = 4; lastKnownFileType = file.xib; path = InfoViewController.xib; sourceTree = "<group>"; };
/* End PBXFileReference section */

/* Begin PBXFrameworksBuildPhase section */
		D04BB0091921DA23004937C7 /* Frameworks */ = {
			isa = PBXFrameworksBuildPhase;
			buildActionMask = 2147483647;
			files = (
				D04BB0121921DA23004937C7 /* CoreGraphics.framework in Frameworks */,
				D04BB0141921DA23004937C7 /* UIKit.framework in Frameworks */,
				D04BB0101921DA23004937C7 /* Foundation.framework in Frameworks */,
			);
			runOnlyForDeploymentPostprocessing = 0;
		};
		D04BB0241921DA23004937C7 /* Frameworks */ = {
			isa = PBXFrameworksBuildPhase;
			buildActionMask = 2147483647;
			files = (
				D04BB0291921DA23004937C7 /* XCTest.framework in Frameworks */,
				D04BB02B1921DA23004937C7 /* UIKit.framework in Frameworks */,
				D04BB02A1921DA23004937C7 /* Foundation.framework in Frameworks */,
			);
			runOnlyForDeploymentPostprocessing = 0;
		};
/* End PBXFrameworksBuildPhase section */

/* Begin PBXGroup section */
		D04BB0031921DA23004937C7 = {
			isa = PBXGroup;
			children = (
				D04BB0151921DA23004937C7 /* GameController */,
				D04BB02E1921DA23004937C7 /* GameControllerTests */,
				D04BB00E1921DA23004937C7 /* Frameworks */,
				D04BB00D1921DA23004937C7 /* Products */,
			);
			sourceTree = "<group>";
		};
		D04BB00D1921DA23004937C7 /* Products */ = {
			isa = PBXGroup;
			children = (
				D04BB00C1921DA23004937C7 /* GameController.app */,
				D04BB0271921DA23004937C7 /* GameControllerTests.xctest */,
			);
			name = Products;
			sourceTree = "<group>";
		};
		D04BB00E1921DA23004937C7 /* Frameworks */ = {
			isa = PBXGroup;
			children = (
				D04BB00F1921DA23004937C7 /* Foundation.framework */,
				D04BB0111921DA23004937C7 /* CoreGraphics.framework */,
				D04BB0131921DA23004937C7 /* UIKit.framework */,
				D04BB0281921DA23004937C7 /* XCTest.framework */,
			);
			name = Frameworks;
			sourceTree = "<group>";
		};
		D04BB0151921DA23004937C7 /* GameController */ = {
			isa = PBXGroup;
			children = (
				D04BB01E1921DA23004937C7 /* AppDelegate.h */,
				D04BB01F1921DA23004937C7 /* AppDelegate.m */,
				D04BB03E1921DA3C004937C7 /* GameControllerViewController.h */,
				D04BB03F1921DA3C004937C7 /* GameControllerViewController.m */,
				D04BB0401921DA3C004937C7 /* GameControllerViewController.xib */,
				D06047D91935DD45006DFA1A /* InfoViewController.h */,
				D06047DA1935DD45006DFA1A /* InfoViewController.m */,
				D06047DB1935DD45006DFA1A /* InfoViewController.xib */,
				D04BB0211921DA23004937C7 /* Images.xcassets */,
				D04BB0161921DA23004937C7 /* Supporting Files */,
			);
			path = GameController;
			sourceTree = "<group>";
		};
		D04BB0161921DA23004937C7 /* Supporting Files */ = {
			isa = PBXGroup;
			children = (
				D04BB0171921DA23004937C7 /* GameController-Info.plist */,
				D04BB0181921DA23004937C7 /* InfoPlist.strings */,
				D04BB01B1921DA23004937C7 /* main.m */,
				D04BB01D1921DA23004937C7 /* GameController-Prefix.pch */,
			);
			name = "Supporting Files";
			sourceTree = "<group>";
		};
		D04BB02E1921DA23004937C7 /* GameControllerTests */ = {
			isa = PBXGroup;
			children = (
				D04BB0341921DA23004937C7 /* GameControllerTests.m */,
				D04BB02F1921DA23004937C7 /* Supporting Files */,
			);
			path = GameControllerTests;
			sourceTree = "<group>";
		};
		D04BB02F1921DA23004937C7 /* Supporting Files */ = {
			isa = PBXGroup;
			children = (
				D04BB0301921DA23004937C7 /* GameControllerTests-Info.plist */,
				D04BB0311921DA23004937C7 /* InfoPlist.strings */,
			);
			name = "Supporting Files";
			sourceTree = "<group>";
		};
/* End PBXGroup section */

/* Begin PBXNativeTarget section */
		D04BB00B1921DA23004937C7 /* GameController */ = {
			isa = PBXNativeTarget;
			buildConfigurationList = D04BB0381921DA23004937C7 /* Build configuration list for PBXNativeTarget "GameController" */;
			buildPhases = (
				D04BB0081921DA23004937C7 /* Sources */,
				D04BB0091921DA23004937C7 /* Frameworks */,
				D04BB00A1921DA23004937C7 /* Resources */,
			);
			buildRules = (
			);
			dependencies = (
			);
			name = GameController;
			productName = GameController;
			productReference = D04BB00C1921DA23004937C7 /* GameController.app */;
			productType = "com.apple.product-type.application";
		};
		D04BB0261921DA23004937C7 /* GameControllerTests */ = {
			isa = PBXNativeTarget;
			buildConfigurationList = D04BB03B1921DA23004937C7 /* Build configuration list for PBXNativeTarget "GameControllerTests" */;
			buildPhases = (
				D04BB0231921DA23004937C7 /* Sources */,
				D04BB0241921DA23004937C7 /* Frameworks */,
				D04BB0251921DA23004937C7 /* Resources */,
			);
			buildRules = (
			);
			dependencies = (
				D04BB02D1921DA23004937C7 /* PBXTargetDependency */,
			);
			name = GameControllerTests;
			productName = GameControllerTests;
			productReference = D04BB0271921DA23004937C7 /* GameControllerTests.xctest */;
			productType = "com.apple.product-type.bundle.unit-test";
		};
/* End PBXNativeTarget section */

/* Begin PBXProject section */
		D04BB0041921DA23004937C7 /* Project object */ = {
			isa = PBXProject;
			attributes = {
				LastUpgradeCheck = 0510;
				ORGANIZATIONNAME = Peterlee;
				TargetAttributes = {
					D04BB00B1921DA23004937C7 = {
						DevelopmentTeam = AWP2538424;
						SystemCapabilities = {
							com.apple.BackgroundModes = {
								enabled = 1;
							};
							com.apple.GameCenter = {
								enabled = 0;
							};
						};
					};
					D04BB0261921DA23004937C7 = {
						TestTargetID = D04BB00B1921DA23004937C7;
					};
				};
			};
			buildConfigurationList = D04BB0071921DA23004937C7 /* Build configuration list for PBXProject "GameController" */;
			compatibilityVersion = "Xcode 3.2";
			developmentRegion = English;
			hasScannedForEncodings = 0;
			knownRegions = (
				en,
			);
			mainGroup = D04BB0031921DA23004937C7;
			productRefGroup = D04BB00D1921DA23004937C7 /* Products */;
			projectDirPath = "";
			projectRoot = "";
			targets = (
				D04BB00B1921DA23004937C7 /* GameController */,
				D04BB0261921DA23004937C7 /* GameControllerTests */,
			);
		};
/* End PBXProject section */

/* Begin PBXResourcesBuildPhase section */
		D04BB00A1921DA23004937C7 /* Resources */ = {
			isa = PBXResourcesBuildPhase;
			buildActionMask = 2147483647;
			files = (
				D04BB01A1921DA23004937C7 /* InfoPlist.strings in Resources */,
				D04BB0431921DA3C004937C7 /* GameControllerViewController.xib in Resources */,
				D06047DD1935DD45006DFA1A /* InfoViewController.xib in Resources */,
				D04BB0221921DA23004937C7 /* Images.xcassets in Resources */,
			);
			runOnlyForDeploymentPostprocessing = 0;
		};
		D04BB0251921DA23004937C7 /* Resources */ = {
			isa = PBXResourcesBuildPhase;
			buildActionMask = 2147483647;
			files = (
				D04BB0441921DA3C004937C7 /* GameControllerViewController.xib in Resources */,
				D04BB0331921DA23004937C7 /* InfoPlist.strings in Resources */,
			);
			runOnlyForDeploymentPostprocessing = 0;
		};
/* End PBXResourcesBuildPhase section */

/* Begin PBXSourcesBuildPhase section */
		D04BB0081921DA23004937C7 /* Sources */ = {
			isa = PBXSourcesBuildPhase;
			buildActionMask = 2147483647;
			files = (
				D04BB0411921DA3C004937C7 /* GameControllerViewController.m in Sources */,
				D04BB0201921DA23004937C7 /* AppDelegate.m in Sources */,
				D06047DC1935DD45006DFA1A /* InfoViewController.m in Sources */,
				D04BB01C1921DA23004937C7 /* main.m in Sources */,
			);
			runOnlyForDeploymentPostprocessing = 0;
		};
		D04BB0231921DA23004937C7 /* Sources */ = {
			isa = PBXSourcesBuildPhase;
			buildActionMask = 2147483647;
			files = (
				D04BB0421921DA3C004937C7 /* GameControllerViewController.m in Sources */,
				D04BB0351921DA23004937C7 /* GameControllerTests.m in Sources */,
			);
			runOnlyForDeploymentPostprocessing = 0;
		};
/* End PBXSourcesBuildPhase section */

/* Begin PBXTargetDependency section */
		D04BB02D1921DA23004937C7 /* PBXTargetDependency */ = {
			isa = PBXTargetDependency;
			target = D04BB00B1921DA23004937C7 /* GameController */;
			targetProxy = D04BB02C1921DA23004937C7 /* PBXContainerItemProxy */;
		};
/* End PBXTargetDependency section */

/* Begin PBXVariantGroup section */
		D04BB0181921DA23004937C7 /* InfoPlist.strings */ = {
			isa = PBXVariantGroup;
			children = (
				D04BB0191921DA23004937C7 /* en */,
			);
			name = InfoPlist.strings;
			sourceTree = "<group>";
		};
		D04BB0311921DA23004937C7 /* InfoPlist.strings */ = {
			isa = PBXVariantGroup;
			children = (
				D04BB0321921DA23004937C7 /* en */,
			);
			name = InfoPlist.strings;
			sourceTree = "<group>";
		};
/* End PBXVariantGroup section */

/* Begin XCBuildConfiguration section */
		D04BB0361921DA23004937C7 /* Debug */ = {
			isa = XCBuildConfiguration;
			buildSettings = {
				ALWAYS_SEARCH_USER_PATHS = NO;
				CLANG_CXX_LANGUAGE_STANDARD = "gnu++0x";
				CLANG_CXX_LIBRARY = "libc++";
				CLANG_ENABLE_MODULES = YES;
				CLANG_ENABLE_OBJC_ARC = YES;
				CLANG_WARN_BOOL_CONVERSION = YES;
				CLANG_WARN_CONSTANT_CONVERSION = YES;
				CLANG_WARN_DIRECT_OBJC_ISA_USAGE = YES_ERROR;
				CLANG_WARN_EMPTY_BODY = YES;
				CLANG_WARN_ENUM_CONVERSION = YES;
				CLANG_WARN_INT_CONVERSION = YES;
				CLANG_WARN_OBJC_ROOT_CLASS = YES_ERROR;
				CLANG_WARN__DUPLICATE_METHOD_MATCH = YES;
				"CODE_SIGN_IDENTITY[sdk=iphoneos*]" = "iPhone Developer";
				COPY_PHASE_STRIP = NO;
				GCC_C_LANGUAGE_STANDARD = gnu99;
				GCC_DYNAMIC_NO_PIC = NO;
				GCC_OPTIMIZATION_LEVEL = 0;
				GCC_PREPROCESSOR_DEFINITIONS = (
					"DEBUG=1",
					"$(inherited)",
				);
				GCC_SYMBOLS_PRIVATE_EXTERN = NO;
				GCC_WARN_64_TO_32_BIT_CONVERSION = YES;
				GCC_WARN_ABOUT_RETURN_TYPE = YES_ERROR;
				GCC_WARN_UNDECLARED_SELECTOR = YES;
				GCC_WARN_UNINITIALIZED_AUTOS = YES_AGGRESSIVE;
				GCC_WARN_UNUSED_FUNCTION = YES;
				GCC_WARN_UNUSED_VARIABLE = YES;
				IPHONEOS_DEPLOYMENT_TARGET = 7.1;
				ONLY_ACTIVE_ARCH = YES;
				SDKROOT = iphoneos;
			};
			name = Debug;
		};
		D04BB0371921DA23004937C7 /* Release */ = {
			isa = XCBuildConfiguration;
			buildSettings = {
				ALWAYS_SEARCH_USER_PATHS = NO;
				CLANG_CXX_LANGUAGE_STANDARD = "gnu++0x";
				CLANG_CXX_LIBRARY = "libc++";
				CLANG_ENABLE_MODULES = YES;
				CLANG_ENABLE_OBJC_ARC = YES;
				CLANG_WARN_BOOL_CONVERSION = YES;
				CLANG_WARN_CONSTANT_CONVERSION = YES;
				CLANG_WARN_DIRECT_OBJC_ISA_USAGE = YES_ERROR;
				CLANG_WARN_EMPTY_BODY = YES;
				CLANG_WARN_ENUM_CONVERSION = YES;
				CLANG_WARN_INT_CONVERSION = YES;
				CLANG_WARN_OBJC_ROOT_CLASS = YES_ERROR;
				CLANG_WARN__DUPLICATE_METHOD_MATCH = YES;
				"CODE_SIGN_IDENTITY[sdk=iphoneos*]" = "iPhone Developer";
				COPY_PHASE_STRIP = YES;
				ENABLE_NS_ASSERTIONS = NO;
				GCC_C_LANGUAGE_STANDARD = gnu99;
				GCC_WARN_64_TO_32_BIT_CONVERSION = YES;
				GCC_WARN_ABOUT_RETURN_TYPE = YES_ERROR;
				GCC_WARN_UNDECLARED_SELECTOR = YES;
				GCC_WARN_UNINITIALIZED_AUTOS = YES_AGGRESSIVE;
				GCC_WARN_UNUSED_FUNCTION = YES;
				GCC_WARN_UNUSED_VARIABLE = YES;
				IPHONEOS_DEPLOYMENT_TARGET = 7.1;
				SDKROOT = iphoneos;
				VALIDATE_PRODUCT = YES;
			};
			name = Release;
		};
		D04BB0391921DA23004937C7 /* Debug */ = {
			isa = XCBuildConfiguration;
			buildSettings = {
				ASSETCATALOG_COMPILER_APPICON_NAME = AppIcon;
				ASSETCATALOG_COMPILER_LAUNCHIMAGE_NAME = LaunchImage;
				CODE_SIGN_IDENTITY = "iPhone Developer";
				"CODE_SIGN_IDENTITY[sdk=iphoneos*]" = "iPhone Developer";
				GCC_PRECOMPILE_PREFIX_HEADER = YES;
				GCC_PREFIX_HEADER = "GameController/GameController-Prefix.pch";
				INFOPLIST_FILE = "GameController/GameController-Info.plist";
				PRODUCT_NAME = "$(TARGET_NAME)";
				PROVISIONING_PROFILE = "30676143-7B2A-4C30-951A-BC9BF6550834";
				WRAPPER_EXTENSION = app;
			};
			name = Debug;
		};
		D04BB03A1921DA23004937C7 /* Release */ = {
			isa = XCBuildConfiguration;
			buildSettings = {
				ASSETCATALOG_COMPILER_APPICON_NAME = AppIcon;
				ASSETCATALOG_COMPILER_LAUNCHIMAGE_NAME = LaunchImage;
				CODE_SIGN_IDENTITY = "iPhone Developer";
				"CODE_SIGN_IDENTITY[sdk=iphoneos*]" = "iPhone Developer";
				GCC_PRECOMPILE_PREFIX_HEADER = YES;
				GCC_PREFIX_HEADER = "GameController/GameController-Prefix.pch";
				INFOPLIST_FILE = "GameController/GameController-Info.plist";
				PRODUCT_NAME = "$(TARGET_NAME)";
				PROVISIONING_PROFILE = "C5224B53-4E01-4219-8215-8DC6A7AB6780";
				WRAPPER_EXTENSION = app;
			};
			name = Release;
		};
		D04BB03C1921DA23004937C7 /* Debug */ = {
			isa = XCBuildConfiguration;
			buildSettings = {
				BUNDLE_LOADER = "$(BUILT_PRODUCTS_DIR)/GameController.app/GameController";
				FRAMEWORK_SEARCH_PATHS = (
					"$(SDKROOT)/Developer/Library/Frameworks",
					"$(inherited)",
					"$(DEVELOPER_FRAMEWORKS_DIR)",
				);
				GCC_PRECOMPILE_PREFIX_HEADER = YES;
				GCC_PREFIX_HEADER = "GameController/GameController-Prefix.pch";
				GCC_PREPROCESSOR_DEFINITIONS = (
					"DEBUG=1",
					"$(inherited)",
				);
				INFOPLIST_FILE = "GameControllerTests/GameControllerTests-Info.plist";
				PRODUCT_NAME = "$(TARGET_NAME)";
				TEST_HOST = "$(BUNDLE_LOADER)";
				WRAPPER_EXTENSION = xctest;
			};
			name = Debug;
		};
		D04BB03D1921DA23004937C7 /* Release */ = {
			isa = XCBuildConfiguration;
			buildSettings = {
				BUNDLE_LOADER = "$(BUILT_PRODUCTS_DIR)/GameController.app/GameController";
				FRAMEWORK_SEARCH_PATHS = (
					"$(SDKROOT)/Developer/Library/Frameworks",
					"$(inherited)",
					"$(DEVELOPER_FRAMEWORKS_DIR)",
				);
				GCC_PRECOMPILE_PREFIX_HEADER = YES;
				GCC_PREFIX_HEADER = "GameController/GameController-Prefix.pch";
				INFOPLIST_FILE = "GameControllerTests/GameControllerTests-Info.plist";
				PRODUCT_NAME = "$(TARGET_NAME)";
				TEST_HOST = "$(BUNDLE_LOADER)";
				WRAPPER_EXTENSION = xctest;
			};
			name = Release;
		};
/* End XCBuildConfiguration section */

/* Begin XCConfigurationList section */
		D04BB0071921DA23004937C7 /* Build configuration list for PBXProject "GameController" */ = {
			isa = XCConfigurationList;
			buildConfigurations = (
				D04BB0361921DA23004937C7 /* Debug */,
				D04BB0371921DA23004937C7 /* Release */,
			);
			defaultConfigurationIsVisible = 0;
			defaultConfigurationName = Release;
		};
		D04BB0381921DA23004937C7 /* Build configuration list for PBXNativeTarget "GameController" */ = {
			isa = XCConfigurationList;
			buildConfigurations = (
				D04BB0391921DA23004937C7 /* Debug */,
				D04BB03A1921DA23004937C7 /* Release */,
			);
			defaultConfigurationIsVisible = 0;
			defaultConfigurationName = Release;
		};
		D04BB03B1921DA23004937C7 /* Build configuration list for PBXNativeTarget "GameControllerTests" */ = {
			isa = XCConfigurationList;
			buildConfigurations = (
				D04BB03C1921DA23004937C7 /* Debug */,
				D04BB03D1921DA23004937C7 /* Release */,
			);
			defaultConfigurationIsVisible = 0;
			defaultConfigurationName = Release;
		};
/* End XCConfigurationList section */
	};
	rootObject = D04BB0041921DA23004937C7 /* Project object */;
}
